PODS:
  - Alamofire (4.5.1)
  - SDWebImage (3.8.2):
    - SDWebImage/Core (= 3.8.2)
  - SDWebImage/Core (3.8.2)
  - SVProgressHUD (2.2.1)

DEPENDENCIES:
  - Alamofire (~> 4.0)
  - SDWebImage (~> 3.8)
  - SVProgressHUD

SPEC CHECKSUMS:
  Alamofire: 2d95912bf4c34f164fdfc335872e8c312acaea4a
  SDWebImage: 098e97e6176540799c27e804c96653ee0833d13c
  SVProgressHUD: db27c54e6e18bc903341661fc9feb55e04905cc4

PODFILE CHECKSUM: d5118976a3f4fd93cf470bc74ad153d6b8fae624

COCOAPODS: 1.2.1
